
Microsoft Visual Studio Solution File, Format Version 12.00
# Visual Studio Version 17
VisualStudioVersion = 17.6.33723.286
MinimumVisualStudioVersion = 10.0.40219.1
Project("{FAE04EC0-301F-11D3-BF4B-00C04F79EFBC}") = "Api.Test", "Api.Test\Api.Test.csproj", "{87B6A66E-A814-41AC-8A90-B65BB70412D8}"
EndProject
Global
	GlobalSection(SolutionConfigurationPlatforms) = preSolution
		Debug|Any CPU = Debug|Any CPU
		Release|Any CPU = Release|Any CPU
	EndGlobalSection
	GlobalSection(ProjectConfigurationPlatforms) = postSolution
		{87B6A66E-A814-41AC-8A90-B65BB70412D8}.Debug|Any CPU.ActiveCfg = Debug|Any CPU
		{87B6A66E-A814-41AC-8A90-B65BB70412D8}.Debug|Any CPU.Build.0 = Debug|Any CPU
		{87B6A66E-A814-41AC-8A90-B65BB70412D8}.Release|Any CPU.ActiveCfg = Release|Any CPU
		{87B6A66E-A814-41AC-8A90-B65BB70412D8}.Release|Any CPU.Build.0 = Release|Any CPU
	EndGlobalSection
	GlobalSection(SolutionProperties) = preSolution
		HideSolutionNode = FALSE
	EndGlobalSection
	GlobalSection(ExtensibilityGlobals) = postSolution
		SolutionGuid = {D135F85D-49C5-48AB-88BB-D1A2D3888BCD}
	EndGlobalSection
EndGlobal
